
Microsoft Visual Studio Solution File, Format Version 12.00
# Visual Studio 2013
VisualStudioVersion = 12.0.21005.1
MinimumVisualStudioVersion = 10.0.40219.1
Project("{FAE04EC0-301F-11D3-BF4B-00C04F79EFBC}") = "Test", "Test\Test.csproj", "{267CBAF2-1558-43DA-B6AA-4EEE603227F6}"
EndProject
Project("{FAE04EC0-301F-11D3-BF4B-00C04F79EFBC}") = "ProjetFicheDeJeuLibrary", "toto\ProjetFicheDeJeuLibrary.csproj", "{60211025-F113-421D-AB18-E38E69B6AD87}"
EndProject
Global
	GlobalSection(SolutionConfigurationPlatforms) = preSolution
		Debug|Any CPU = Debug|Any CPU
		Release|Any CPU = Release|Any CPU
	EndGlobalSection
	GlobalSection(ProjectConfigurationPlatforms) = postSolution
		{267CBAF2-1558-43DA-B6AA-4EEE603227F6}.Debug|Any CPU.ActiveCfg = Debug|Any CPU
		{267CBAF2-1558-43DA-B6AA-4EEE603227F6}.Debug|Any CPU.Build.0 = Debug|Any CPU
		{267CBAF2-1558-43DA-B6AA-4EEE603227F6}.Release|Any CPU.ActiveCfg = Release|Any CPU
		{267CBAF2-1558-43DA-B6AA-4EEE603227F6}.Release|Any CPU.Build.0 = Release|Any CPU
		{60211025-F113-421D-AB18-E38E69B6AD87}.Debug|Any CPU.ActiveCfg = Debug|Any CPU
		{60211025-F113-421D-AB18-E38E69B6AD87}.Debug|Any CPU.Build.0 = Debug|Any CPU
		{60211025-F113-421D-AB18-E38E69B6AD87}.Release|Any CPU.ActiveCfg = Release|Any CPU
		{60211025-F113-421D-AB18-E38E69B6AD87}.Release|Any CPU.Build.0 = Release|Any CPU
	EndGlobalSection
	GlobalSection(SolutionProperties) = preSolution
		HideSolutionNode = FALSE
	EndGlobalSection
EndGlobal
